
Microsoft Visual Studio Solution File, Format Version 12.00
# Visual Studio Version 17
VisualStudioVersion = 17.6.33801.468
MinimumVisualStudioVersion = 10.0.40219.1
Project("{FAE04EC0-301F-11D3-BF4B-00C04F79EFBC}") = "Null -Coalescing", "Null -Coalescing.csproj", "{7DCB2F28-43F0-4C7A-B2FD-6CBC6884B92E}"
EndProject
Global
	GlobalSection(SolutionConfigurationPlatforms) = preSolution
		Debug|Any CPU = Debug|Any CPU
		Release|Any CPU = Release|Any CPU
	EndGlobalSection
	GlobalSection(ProjectConfigurationPlatforms) = postSolution
		{7DCB2F28-43F0-4C7A-B2FD-6CBC6884B92E}.Debug|Any CPU.ActiveCfg = Debug|Any CPU
		{7DCB2F28-43F0-4C7A-B2FD-6CBC6884B92E}.Debug|Any CPU.Build.0 = Debug|Any CPU
		{7DCB2F28-43F0-4C7A-B2FD-6CBC6884B92E}.Release|Any CPU.ActiveCfg = Release|Any CPU
		{7DCB2F28-43F0-4C7A-B2FD-6CBC6884B92E}.Release|Any CPU.Build.0 = Release|Any CPU
	EndGlobalSection
	GlobalSection(SolutionProperties) = preSolution
		HideSolutionNode = FALSE
	EndGlobalSection
	GlobalSection(ExtensibilityGlobals) = postSolution
		SolutionGuid = {CA971D98-3781-4BEE-9AD1-1A83E561ED3E}
	EndGlobalSection
EndGlobal
